// !$*UTF8*$!
{
	archiveVersion = 1;
	classes = {
	};
	objectVersion = 55;
	objects = {

/* Begin PBXBuildFile section */
		C980D8E5289ABE7F000C2727 /* AppDelegate.swift in Sources */ = {isa = PBXBuildFile; fileRef = C980D8E4289ABE7F000C2727 /* AppDelegate.swift */; };
		C980D8EE289ABE80000C2727 /* Assets.xcassets in Resources */ = {isa = PBXBuildFile; fileRef = C980D8ED289ABE80000C2727 /* Assets.xcassets */; };
		C980D8F1289ABE80000C2727 /* LaunchScreen.storyboard in Resources */ = {isa = PBXBuildFile; fileRef = C980D8EF289ABE80000C2727 /* LaunchScreen.storyboard */; };
		C980D8FA289ADEEB000C2727 /* MainViewController.swift in Sources */ = {isa = PBXBuildFile; fileRef = C980D8F8289ADEEB000C2727 /* MainViewController.swift */; };
		C980D8FB289ADEEB000C2727 /* MainViewController.xib in Resources */ = {isa = PBXBuildFile; fileRef = C980D8F9289ADEEB000C2727 /* MainViewController.xib */; };
		C980D8FE289ADF82000C2727 /* ProfileViewController.swift in Sources */ = {isa = PBXBuildFile; fileRef = C980D8FC289ADF82000C2727 /* ProfileViewController.swift */; };
		C980D8FF289ADF82000C2727 /* ProfileViewController.xib in Resources */ = {isa = PBXBuildFile; fileRef = C980D8FD289ADF82000C2727 /* ProfileViewController.xib */; };
		C980D906289AE0C9000C2727 /* FavoriteViewController.swift in Sources */ = {isa = PBXBuildFile; fileRef = C980D904289AE0C9000C2727 /* FavoriteViewController.swift */; };
		C980D907289AE0C9000C2727 /* FavoriteViewController.xib in Resources */ = {isa = PBXBuildFile; fileRef = C980D905289AE0C9000C2727 /* FavoriteViewController.xib */; };
		C980D90B289AE179000C2727 /* TabBarModel.swift in Sources */ = {isa = PBXBuildFile; fileRef = C980D90A289AE179000C2727 /* TabBarModel.swift */; };
		C980D90D289BA8CB000C2727 /* TabBarConfigurator.swift in Sources */ = {isa = PBXBuildFile; fileRef = C980D90C289BA8CB000C2727 /* TabBarConfigurator.swift */; };
		C980D90F289BFD54000C2727 /* MainModel.swift in Sources */ = {isa = PBXBuildFile; fileRef = C980D90E289BFD54000C2727 /* MainModel.swift */; };
		C980D913289C03C3000C2727 /* MainItemCollectionViewCell.swift in Sources */ = {isa = PBXBuildFile; fileRef = C980D911289C03C3000C2727 /* MainItemCollectionViewCell.swift */; };
		C980D914289C03C3000C2727 /* MainItemCollectionViewCell.xib in Resources */ = {isa = PBXBuildFile; fileRef = C980D912289C03C3000C2727 /* MainItemCollectionViewCell.xib */; };
		C980D918289FAA20000C2727 /* DetailViewController.swift in Sources */ = {isa = PBXBuildFile; fileRef = C980D916289FAA20000C2727 /* DetailViewController.swift */; };
		C980D919289FAA20000C2727 /* DetailViewController.xib in Resources */ = {isa = PBXBuildFile; fileRef = C980D917289FAA20000C2727 /* DetailViewController.xib */; };
		C980D91E289FB483000C2727 /* DetailImageTableViewCell.swift in Sources */ = {isa = PBXBuildFile; fileRef = C980D91C289FB483000C2727 /* DetailImageTableViewCell.swift */; };
		C980D91F289FB483000C2727 /* DetailImageTableViewCell.xib in Resources */ = {isa = PBXBuildFile; fileRef = C980D91D289FB483000C2727 /* DetailImageTableViewCell.xib */; };
		C980D923289FB7E3000C2727 /* DetailTitleTableViewCell.swift in Sources */ = {isa = PBXBuildFile; fileRef = C980D921289FB7E3000C2727 /* DetailTitleTableViewCell.swift */; };
		C980D924289FB7E3000C2727 /* DetailTitleTableViewCell.xib in Resources */ = {isa = PBXBuildFile; fileRef = C980D922289FB7E3000C2727 /* DetailTitleTableViewCell.xib */; };
		C980D928289FBD8B000C2727 /* DetailTextTableViewCell.swift in Sources */ = {isa = PBXBuildFile; fileRef = C980D926289FBD8B000C2727 /* DetailTextTableViewCell.swift */; };
		C980D929289FBD8B000C2727 /* DetailTextTableViewCell.xib in Resources */ = {isa = PBXBuildFile; fileRef = C980D927289FBD8B000C2727 /* DetailTextTableViewCell.xib */; };
		C980D92B289FCC7F000C2727 /* DetailItemModel.swift in Sources */ = {isa = PBXBuildFile; fileRef = C980D92A289FCC7F000C2727 /* DetailItemModel.swift */; };
/* End PBXBuildFile section */

/* Begin PBXFileReference section */
		C980D8E1289ABE7F000C2727 /* SurfSummerSchoolProject.app */ = {isa = PBXFileReference; explicitFileType = wrapper.application; includeInIndex = 0; path = SurfSummerSchoolProject.app; sourceTree = BUILT_PRODUCTS_DIR; };
		C980D8E4289ABE7F000C2727 /* AppDelegate.swift */ = {isa = PBXFileReference; lastKnownFileType = sourcecode.swift; path = AppDelegate.swift; sourceTree = "<group>"; };
		C980D8ED289ABE80000C2727 /* Assets.xcassets */ = {isa = PBXFileReference; lastKnownFileType = folder.assetcatalog; path = Assets.xcassets; sourceTree = "<group>"; };
		C980D8F0289ABE80000C2727 /* Base */ = {isa = PBXFileReference; lastKnownFileType = file.storyboard; name = Base; path = Base.lproj/LaunchScreen.storyboard; sourceTree = "<group>"; };
		C980D8F2289ABE80000C2727 /* Info.plist */ = {isa = PBXFileReference; lastKnownFileType = text.plist.xml; path = Info.plist; sourceTree = "<group>"; };
		C980D8F8289ADEEB000C2727 /* MainViewController.swift */ = {isa = PBXFileReference; lastKnownFileType = sourcecode.swift; path = MainViewController.swift; sourceTree = "<group>"; };
		C980D8F9289ADEEB000C2727 /* MainViewController.xib */ = {isa = PBXFileReference; lastKnownFileType = file.xib; path = MainViewController.xib; sourceTree = "<group>"; };
		C980D8FC289ADF82000C2727 /* ProfileViewController.swift */ = {isa = PBXFileReference; lastKnownFileType = sourcecode.swift; path = ProfileViewController.swift; sourceTree = "<group>"; };
		C980D8FD289ADF82000C2727 /* ProfileViewController.xib */ = {isa = PBXFileReference; lastKnownFileType = file.xib; path = ProfileViewController.xib; sourceTree = "<group>"; };
		C980D904289AE0C9000C2727 /* FavoriteViewController.swift */ = {isa = PBXFileReference; lastKnownFileType = sourcecode.swift; path = FavoriteViewController.swift; sourceTree = "<group>"; };
		C980D905289AE0C9000C2727 /* FavoriteViewController.xib */ = {isa = PBXFileReference; lastKnownFileType = file.xib; path = FavoriteViewController.xib; sourceTree = "<group>"; };
		C980D90A289AE179000C2727 /* TabBarModel.swift */ = {isa = PBXFileReference; lastKnownFileType = sourcecode.swift; path = TabBarModel.swift; sourceTree = "<group>"; };
		C980D90C289BA8CB000C2727 /* TabBarConfigurator.swift */ = {isa = PBXFileReference; lastKnownFileType = sourcecode.swift; path = TabBarConfigurator.swift; sourceTree = "<group>"; };
		C980D90E289BFD54000C2727 /* MainModel.swift */ = {isa = PBXFileReference; lastKnownFileType = sourcecode.swift; path = MainModel.swift; sourceTree = "<group>"; };
		C980D911289C03C3000C2727 /* MainItemCollectionViewCell.swift */ = {isa = PBXFileReference; lastKnownFileType = sourcecode.swift; path = MainItemCollectionViewCell.swift; sourceTree = "<group>"; };
		C980D912289C03C3000C2727 /* MainItemCollectionViewCell.xib */ = {isa = PBXFileReference; lastKnownFileType = file.xib; path = MainItemCollectionViewCell.xib; sourceTree = "<group>"; };
		C980D916289FAA20000C2727 /* DetailViewController.swift */ = {isa = PBXFileReference; lastKnownFileType = sourcecode.swift; path = DetailViewController.swift; sourceTree = "<group>"; };
		C980D917289FAA20000C2727 /* DetailViewController.xib */ = {isa = PBXFileReference; lastKnownFileType = file.xib; path = DetailViewController.xib; sourceTree = "<group>"; };
		C980D91C289FB483000C2727 /* DetailImageTableViewCell.swift */ = {isa = PBXFileReference; lastKnownFileType = sourcecode.swift; path = DetailImageTableViewCell.swift; sourceTree = "<group>"; };
		C980D91D289FB483000C2727 /* DetailImageTableViewCell.xib */ = {isa = PBXFileReference; lastKnownFileType = file.xib; path = DetailImageTableViewCell.xib; sourceTree = "<group>"; };
		C980D921289FB7E3000C2727 /* DetailTitleTableViewCell.swift */ = {isa = PBXFileReference; lastKnownFileType = sourcecode.swift; path = DetailTitleTableViewCell.swift; sourceTree = "<group>"; };
		C980D922289FB7E3000C2727 /* DetailTitleTableViewCell.xib */ = {isa = PBXFileReference; lastKnownFileType = file.xib; path = DetailTitleTableViewCell.xib; sourceTree = "<group>"; };
		C980D926289FBD8B000C2727 /* DetailTextTableViewCell.swift */ = {isa = PBXFileReference; lastKnownFileType = sourcecode.swift; path = DetailTextTableViewCell.swift; sourceTree = "<group>"; };
		C980D927289FBD8B000C2727 /* DetailTextTableViewCell.xib */ = {isa = PBXFileReference; lastKnownFileType = file.xib; path = DetailTextTableViewCell.xib; sourceTree = "<group>"; };
		C980D92A289FCC7F000C2727 /* DetailItemModel.swift */ = {isa = PBXFileReference; lastKnownFileType = sourcecode.swift; path = DetailItemModel.swift; sourceTree = "<group>"; };
/* End PBXFileReference section */

/* Begin PBXFrameworksBuildPhase section */
		C980D8DE289ABE7F000C2727 /* Frameworks */ = {
			isa = PBXFrameworksBuildPhase;
			buildActionMask = 2147483647;
			files = (
			);
			runOnlyForDeploymentPostprocessing = 0;
		};
/* End PBXFrameworksBuildPhase section */

/* Begin PBXGroup section */
		C980D8D8289ABE7F000C2727 = {
			isa = PBXGroup;
			children = (
				C980D8E3289ABE7F000C2727 /* SurfSummerSchoolProject */,
				C980D8E2289ABE7F000C2727 /* Products */,
			);
			sourceTree = "<group>";
		};
		C980D8E2289ABE7F000C2727 /* Products */ = {
			isa = PBXGroup;
			children = (
				C980D8E1289ABE7F000C2727 /* SurfSummerSchoolProject.app */,
			);
			name = Products;
			sourceTree = "<group>";
		};
		C980D8E3289ABE7F000C2727 /* SurfSummerSchoolProject */ = {
			isa = PBXGroup;
			children = (
				C980D8E4289ABE7F000C2727 /* AppDelegate.swift */,
				C980D909289AE14A000C2727 /* TabBar */,
				C980D900289AE00B000C2727 /* MainFlow */,
				C980D908289AE11B000C2727 /* Application */,
			);
			path = SurfSummerSchoolProject;
			sourceTree = "<group>";
		};
		C980D900289AE00B000C2727 /* MainFlow */ = {
			isa = PBXGroup;
			children = (
				C980D915289FA9E8000C2727 /* DetailModule */,
				C980D901289AE01D000C2727 /* MainModel */,
				C980D903289AE066000C2727 /* FavoriteModel */,
				C980D902289AE044000C2727 /* ProfileModel */,
			);
			path = MainFlow;
			sourceTree = "<group>";
		};
		C980D901289AE01D000C2727 /* MainModel */ = {
			isa = PBXGroup;
			children = (
				C980D910289C0390000C2727 /* Cells */,
				C980D8F8289ADEEB000C2727 /* MainViewController.swift */,
				C980D8F9289ADEEB000C2727 /* MainViewController.xib */,
				C980D90E289BFD54000C2727 /* MainModel.swift */,
			);
			path = MainModel;
			sourceTree = "<group>";
		};
		C980D902289AE044000C2727 /* ProfileModel */ = {
			isa = PBXGroup;
			children = (
				C980D8FC289ADF82000C2727 /* ProfileViewController.swift */,
				C980D8FD289ADF82000C2727 /* ProfileViewController.xib */,
			);
			path = ProfileModel;
			sourceTree = "<group>";
		};
		C980D903289AE066000C2727 /* FavoriteModel */ = {
			isa = PBXGroup;
			children = (
				C980D904289AE0C9000C2727 /* FavoriteViewController.swift */,
				C980D905289AE0C9000C2727 /* FavoriteViewController.xib */,
			);
			path = FavoriteModel;
			sourceTree = "<group>";
		};
		C980D908289AE11B000C2727 /* Application */ = {
			isa = PBXGroup;
			children = (
				C980D8ED289ABE80000C2727 /* Assets.xcassets */,
				C980D8EF289ABE80000C2727 /* LaunchScreen.storyboard */,
				C980D8F2289ABE80000C2727 /* Info.plist */,
			);
			path = Application;
			sourceTree = "<group>";
		};
		C980D909289AE14A000C2727 /* TabBar */ = {
			isa = PBXGroup;
			children = (
				C980D90A289AE179000C2727 /* TabBarModel.swift */,
				C980D90C289BA8CB000C2727 /* TabBarConfigurator.swift */,
			);
			path = TabBar;
			sourceTree = "<group>";
		};
		C980D910289C0390000C2727 /* Cells */ = {
			isa = PBXGroup;
			children = (
				C980D911289C03C3000C2727 /* MainItemCollectionViewCell.swift */,
				C980D912289C03C3000C2727 /* MainItemCollectionViewCell.xib */,
			);
			path = Cells;
			sourceTree = "<group>";
		};
		C980D915289FA9E8000C2727 /* DetailModule */ = {
			isa = PBXGroup;
			children = (
				C980D91A289FB437000C2727 /* Cell */,
				C980D916289FAA20000C2727 /* DetailViewController.swift */,
				C980D917289FAA20000C2727 /* DetailViewController.xib */,
				C980D92A289FCC7F000C2727 /* DetailItemModel.swift */,
			);
			path = DetailModule;
			sourceTree = "<group>";
		};
		C980D91A289FB437000C2727 /* Cell */ = {
			isa = PBXGroup;
			children = (
				C980D925289FBD31000C2727 /* TextCell */,
				C980D920289FB787000C2727 /* TitleCell */,
				C980D91B289FB43F000C2727 /* ImageCell */,
			);
			path = Cell;
			sourceTree = "<group>";
		};
		C980D91B289FB43F000C2727 /* ImageCell */ = {
			isa = PBXGroup;
			children = (
				C980D91C289FB483000C2727 /* DetailImageTableViewCell.swift */,
				C980D91D289FB483000C2727 /* DetailImageTableViewCell.xib */,
			);
			path = ImageCell;
			sourceTree = "<group>";
		};
		C980D920289FB787000C2727 /* TitleCell */ = {
			isa = PBXGroup;
			children = (
				C980D921289FB7E3000C2727 /* DetailTitleTableViewCell.swift */,
				C980D922289FB7E3000C2727 /* DetailTitleTableViewCell.xib */,
			);
			path = TitleCell;
			sourceTree = "<group>";
		};
		C980D925289FBD31000C2727 /* TextCell */ = {
			isa = PBXGroup;
			children = (
				C980D926289FBD8B000C2727 /* DetailTextTableViewCell.swift */,
				C980D927289FBD8B000C2727 /* DetailTextTableViewCell.xib */,
			);
			path = TextCell;
			sourceTree = "<group>";
		};
/* End PBXGroup section */

/* Begin PBXNativeTarget section */
		C980D8E0289ABE7F000C2727 /* SurfSummerSchoolProject */ = {
			isa = PBXNativeTarget;
			buildConfigurationList = C980D8F5289ABE80000C2727 /* Build configuration list for PBXNativeTarget "SurfSummerSchoolProject" */;
			buildPhases = (
				C980D8DD289ABE7F000C2727 /* Sources */,
				C980D8DE289ABE7F000C2727 /* Frameworks */,
				C980D8DF289ABE7F000C2727 /* Resources */,
			);
			buildRules = (
			);
			dependencies = (
			);
			name = SurfSummerSchoolProject;
			productName = SurfSummerSchoolProject;
			productReference = C980D8E1289ABE7F000C2727 /* SurfSummerSchoolProject.app */;
			productType = "com.apple.product-type.application";
		};
/* End PBXNativeTarget section */

/* Begin PBXProject section */
		C980D8D9289ABE7F000C2727 /* Project object */ = {
			isa = PBXProject;
			attributes = {
				BuildIndependentTargetsInParallel = 1;
				LastSwiftUpdateCheck = 1330;
				LastUpgradeCheck = 1330;
				TargetAttributes = {
					C980D8E0289ABE7F000C2727 = {
						CreatedOnToolsVersion = 13.3.1;
					};
				};
			};
			buildConfigurationList = C980D8DC289ABE7F000C2727 /* Build configuration list for PBXProject "SurfSummerSchoolProject" */;
			compatibilityVersion = "Xcode 13.0";
			developmentRegion = en;
			hasScannedForEncodings = 0;
			knownRegions = (
				en,
				Base,
			);
			mainGroup = C980D8D8289ABE7F000C2727;
			productRefGroup = C980D8E2289ABE7F000C2727 /* Products */;
			projectDirPath = "";
			projectRoot = "";
			targets = (
				C980D8E0289ABE7F000C2727 /* SurfSummerSchoolProject */,
			);
		};
/* End PBXProject section */

/* Begin PBXResourcesBuildPhase section */
		C980D8DF289ABE7F000C2727 /* Resources */ = {
			isa = PBXResourcesBuildPhase;
			buildActionMask = 2147483647;
			files = (
				C980D8F1289ABE80000C2727 /* LaunchScreen.storyboard in Resources */,
				C980D8EE289ABE80000C2727 /* Assets.xcassets in Resources */,
				C980D919289FAA20000C2727 /* DetailViewController.xib in Resources */,
				C980D929289FBD8B000C2727 /* DetailTextTableViewCell.xib in Resources */,
				C980D914289C03C3000C2727 /* MainItemCollectionViewCell.xib in Resources */,
				C980D907289AE0C9000C2727 /* FavoriteViewController.xib in Resources */,
				C980D924289FB7E3000C2727 /* DetailTitleTableViewCell.xib in Resources */,
				C980D8FF289ADF82000C2727 /* ProfileViewController.xib in Resources */,
				C980D91F289FB483000C2727 /* DetailImageTableViewCell.xib in Resources */,
				C980D8FB289ADEEB000C2727 /* MainViewController.xib in Resources */,
			);
			runOnlyForDeploymentPostprocessing = 0;
		};
/* End PBXResourcesBuildPhase section */

/* Begin PBXSourcesBuildPhase section */
		C980D8DD289ABE7F000C2727 /* Sources */ = {
			isa = PBXSourcesBuildPhase;
			buildActionMask = 2147483647;
			files = (
				C980D918289FAA20000C2727 /* DetailViewController.swift in Sources */,
				C980D8FA289ADEEB000C2727 /* MainViewController.swift in Sources */,
				C980D8FE289ADF82000C2727 /* ProfileViewController.swift in Sources */,
				C980D928289FBD8B000C2727 /* DetailTextTableViewCell.swift in Sources */,
				C980D923289FB7E3000C2727 /* DetailTitleTableViewCell.swift in Sources */,
				C980D8E5289ABE7F000C2727 /* AppDelegate.swift in Sources */,
				C980D92B289FCC7F000C2727 /* DetailItemModel.swift in Sources */,
				C980D90F289BFD54000C2727 /* MainModel.swift in Sources */,
				C980D913289C03C3000C2727 /* MainItemCollectionViewCell.swift in Sources */,
				C980D906289AE0C9000C2727 /* FavoriteViewController.swift in Sources */,
				C980D90D289BA8CB000C2727 /* TabBarConfigurator.swift in Sources */,
				C980D91E289FB483000C2727 /* DetailImageTableViewCell.swift in Sources */,
				C980D90B289AE179000C2727 /* TabBarModel.swift in Sources */,
			);
			runOnlyForDeploymentPostprocessing = 0;
		};
/* End PBXSourcesBuildPhase section */

/* Begin PBXVariantGroup section */
		C980D8EF289ABE80000C2727 /* LaunchScreen.storyboard */ = {
			isa = PBXVariantGroup;
			children = (
				C980D8F0289ABE80000C2727 /* Base */,
			);
			name = LaunchScreen.storyboard;
			sourceTree = "<group>";
		};
/* End PBXVariantGroup section */

/* Begin XCBuildConfiguration section */
		C980D8F3289ABE80000C2727 /* Debug */ = {
			isa = XCBuildConfiguration;
			buildSettings = {
				ALWAYS_SEARCH_USER_PATHS = NO;
				CLANG_ANALYZER_NONNULL = YES;
				CLANG_ANALYZER_NUMBER_OBJECT_CONVERSION = YES_AGGRESSIVE;
				CLANG_CXX_LANGUAGE_STANDARD = "gnu++17";
				CLANG_ENABLE_MODULES = YES;
				CLANG_ENABLE_OBJC_ARC = YES;
				CLANG_ENABLE_OBJC_WEAK = YES;
				CLANG_WARN_BLOCK_CAPTURE_AUTORELEASING = YES;
				CLANG_WARN_BOOL_CONVERSION = YES;
				CLANG_WARN_COMMA = YES;
				CLANG_WARN_CONSTANT_CONVERSION = YES;
				CLANG_WARN_DEPRECATED_OBJC_IMPLEMENTATIONS = YES;
				CLANG_WARN_DIRECT_OBJC_ISA_USAGE = YES_ERROR;
				CLANG_WARN_DOCUMENTATION_COMMENTS = YES;
				CLANG_WARN_EMPTY_BODY = YES;
				CLANG_WARN_ENUM_CONVERSION = YES;
				CLANG_WARN_INFINITE_RECURSION = YES;
				CLANG_WARN_INT_CONVERSION = YES;
				CLANG_WARN_NON_LITERAL_NULL_CONVERSION = YES;
				CLANG_WARN_OBJC_IMPLICIT_RETAIN_SELF = YES;
				CLANG_WARN_OBJC_LITERAL_CONVERSION = YES;
				CLANG_WARN_OBJC_ROOT_CLASS = YES_ERROR;
				CLANG_WARN_QUOTED_INCLUDE_IN_FRAMEWORK_HEADER = YES;
				CLANG_WARN_RANGE_LOOP_ANALYSIS = YES;
				CLANG_WARN_STRICT_PROTOTYPES = YES;
				CLANG_WARN_SUSPICIOUS_MOVE = YES;
				CLANG_WARN_UNGUARDED_AVAILABILITY = YES_AGGRESSIVE;
				CLANG_WARN_UNREACHABLE_CODE = YES;
				CLANG_WARN__DUPLICATE_METHOD_MATCH = YES;
				COPY_PHASE_STRIP = NO;
				DEBUG_INFORMATION_FORMAT = dwarf;
				ENABLE_STRICT_OBJC_MSGSEND = YES;
				ENABLE_TESTABILITY = YES;
				GCC_C_LANGUAGE_STANDARD = gnu11;
				GCC_DYNAMIC_NO_PIC = NO;
				GCC_NO_COMMON_BLOCKS = YES;
				GCC_OPTIMIZATION_LEVEL = 0;
				GCC_PREPROCESSOR_DEFINITIONS = (
					"DEBUG=1",
					"$(inherited)",
				);
				GCC_WARN_64_TO_32_BIT_CONVERSION = YES;
				GCC_WARN_ABOUT_RETURN_TYPE = YES_ERROR;
				GCC_WARN_UNDECLARED_SELECTOR = YES;
				GCC_WARN_UNINITIALIZED_AUTOS = YES_AGGRESSIVE;
				GCC_WARN_UNUSED_FUNCTION = YES;
				GCC_WARN_UNUSED_VARIABLE = YES;
				IPHONEOS_DEPLOYMENT_TARGET = 15.4;
				MTL_ENABLE_DEBUG_INFO = INCLUDE_SOURCE;
				MTL_FAST_MATH = YES;
				ONLY_ACTIVE_ARCH = YES;
				SDKROOT = iphoneos;
				SWIFT_ACTIVE_COMPILATION_CONDITIONS = DEBUG;
				SWIFT_OPTIMIZATION_LEVEL = "-Onone";
			};
			name = Debug;
		};
		C980D8F4289ABE80000C2727 /* Release */ = {
			isa = XCBuildConfiguration;
			buildSettings = {
				ALWAYS_SEARCH_USER_PATHS = NO;
				CLANG_ANALYZER_NONNULL = YES;
				CLANG_ANALYZER_NUMBER_OBJECT_CONVERSION = YES_AGGRESSIVE;
				CLANG_CXX_LANGUAGE_STANDARD = "gnu++17";
				CLANG_ENABLE_MODULES = YES;
				CLANG_ENABLE_OBJC_ARC = YES;
				CLANG_ENABLE_OBJC_WEAK = YES;
				CLANG_WARN_BLOCK_CAPTURE_AUTORELEASING = YES;
				CLANG_WARN_BOOL_CONVERSION = YES;
				CLANG_WARN_COMMA = YES;
				CLANG_WARN_CONSTANT_CONVERSION = YES;
				CLANG_WARN_DEPRECATED_OBJC_IMPLEMENTATIONS = YES;
				CLANG_WARN_DIRECT_OBJC_ISA_USAGE = YES_ERROR;
				CLANG_WARN_DOCUMENTATION_COMMENTS = YES;
				CLANG_WARN_EMPTY_BODY = YES;
				CLANG_WARN_ENUM_CONVERSION = YES;
				CLANG_WARN_INFINITE_RECURSION = YES;
				CLANG_WARN_INT_CONVERSION = YES;
				CLANG_WARN_NON_LITERAL_NULL_CONVERSION = YES;
				CLANG_WARN_OBJC_IMPLICIT_RETAIN_SELF = YES;
				CLANG_WARN_OBJC_LITERAL_CONVERSION = YES;
				CLANG_WARN_OBJC_ROOT_CLASS = YES_ERROR;
				CLANG_WARN_QUOTED_INCLUDE_IN_FRAMEWORK_HEADER = YES;
				CLANG_WARN_RANGE_LOOP_ANALYSIS = YES;
				CLANG_WARN_STRICT_PROTOTYPES = YES;
				CLANG_WARN_SUSPICIOUS_MOVE = YES;
				CLANG_WARN_UNGUARDED_AVAILABILITY = YES_AGGRESSIVE;
				CLANG_WARN_UNREACHABLE_CODE = YES;
				CLANG_WARN__DUPLICATE_METHOD_MATCH = YES;
				COPY_PHASE_STRIP = NO;
				DEBUG_INFORMATION_FORMAT = "dwarf-with-dsym";
				ENABLE_NS_ASSERTIONS = NO;
				ENABLE_STRICT_OBJC_MSGSEND = YES;
				GCC_C_LANGUAGE_STANDARD = gnu11;
				GCC_NO_COMMON_BLOCKS = YES;
				GCC_WARN_64_TO_32_BIT_CONVERSION = YES;
				GCC_WARN_ABOUT_RETURN_TYPE = YES_ERROR;
				GCC_WARN_UNDECLARED_SELECTOR = YES;
				GCC_WARN_UNINITIALIZED_AUTOS = YES_AGGRESSIVE;
				GCC_WARN_UNUSED_FUNCTION = YES;
				GCC_WARN_UNUSED_VARIABLE = YES;
				IPHONEOS_DEPLOYMENT_TARGET = 15.4;
				MTL_ENABLE_DEBUG_INFO = NO;
				MTL_FAST_MATH = YES;
				SDKROOT = iphoneos;
				SWIFT_COMPILATION_MODE = wholemodule;
				SWIFT_OPTIMIZATION_LEVEL = "-O";
				VALIDATE_PRODUCT = YES;
			};
			name = Release;
		};
		C980D8F6289ABE80000C2727 /* Debug */ = {
			isa = XCBuildConfiguration;
			buildSettings = {
				ASSETCATALOG_COMPILER_APPICON_NAME = AppIcon;
				ASSETCATALOG_COMPILER_GLOBAL_ACCENT_COLOR_NAME = AccentColor;
				CODE_SIGN_STYLE = Automatic;
				CURRENT_PROJECT_VERSION = 1;
				GENERATE_INFOPLIST_FILE = YES;
				INFOPLIST_FILE = SurfSummerSchoolProject/Application/Info.plist;
				INFOPLIST_KEY_UIApplicationSupportsIndirectInputEvents = YES;
				INFOPLIST_KEY_UILaunchStoryboardName = LaunchScreen;
				INFOPLIST_KEY_UISupportedInterfaceOrientations_iPad = "UIInterfaceOrientationPortrait UIInterfaceOrientationPortraitUpsideDown UIInterfaceOrientationLandscapeLeft UIInterfaceOrientationLandscapeRight";
				INFOPLIST_KEY_UISupportedInterfaceOrientations_iPhone = "UIInterfaceOrientationPortrait UIInterfaceOrientationLandscapeLeft UIInterfaceOrientationLandscapeRight";
				LD_RUNPATH_SEARCH_PATHS = (
					"$(inherited)",
					"@executable_path/Frameworks",
				);
				MARKETING_VERSION = 1.0;
				PRODUCT_BUNDLE_IDENTIFIER = com.AnGri.SurfSummerSchoolProject;
				PRODUCT_NAME = "$(TARGET_NAME)";
				SWIFT_EMIT_LOC_STRINGS = YES;
				SWIFT_VERSION = 5.0;
				TARGETED_DEVICE_FAMILY = "1,2";
			};
			name = Debug;
		};
		C980D8F7289ABE80000C2727 /* Release */ = {
			isa = XCBuildConfiguration;
			buildSettings = {
				ASSETCATALOG_COMPILER_APPICON_NAME = AppIcon;
				ASSETCATALOG_COMPILER_GLOBAL_ACCENT_COLOR_NAME = AccentColor;
				CODE_SIGN_STYLE = Automatic;
				CURRENT_PROJECT_VERSION = 1;
				GENERATE_INFOPLIST_FILE = YES;
				INFOPLIST_FILE = SurfSummerSchoolProject/Application/Info.plist;
				INFOPLIST_KEY_UIApplicationSupportsIndirectInputEvents = YES;
				INFOPLIST_KEY_UILaunchStoryboardName = LaunchScreen;
				INFOPLIST_KEY_UISupportedInterfaceOrientations_iPad = "UIInterfaceOrientationPortrait UIInterfaceOrientationPortraitUpsideDown UIInterfaceOrientationLandscapeLeft UIInterfaceOrientationLandscapeRight";
				INFOPLIST_KEY_UISupportedInterfaceOrientations_iPhone = "UIInterfaceOrientationPortrait UIInterfaceOrientationLandscapeLeft UIInterfaceOrientationLandscapeRight";
				LD_RUNPATH_SEARCH_PATHS = (
					"$(inherited)",
					"@executable_path/Frameworks",
				);
				MARKETING_VERSION = 1.0;
				PRODUCT_BUNDLE_IDENTIFIER = com.AnGri.SurfSummerSchoolProject;
				PRODUCT_NAME = "$(TARGET_NAME)";
				SWIFT_EMIT_LOC_STRINGS = YES;
				SWIFT_VERSION = 5.0;
				TARGETED_DEVICE_FAMILY = "1,2";
			};
			name = Release;
		};
/* End XCBuildConfiguration section */

/* Begin XCConfigurationList section */
		C980D8DC289ABE7F000C2727 /* Build configuration list for PBXProject "SurfSummerSchoolProject" */ = {
			isa = XCConfigurationList;
			buildConfigurations = (
				C980D8F3289ABE80000C2727 /* Debug */,
				C980D8F4289ABE80000C2727 /* Release */,
			);
			defaultConfigurationIsVisible = 0;
			defaultConfigurationName = Release;
		};
		C980D8F5289ABE80000C2727 /* Build configuration list for PBXNativeTarget "SurfSummerSchoolProject" */ = {
			isa = XCConfigurationList;
			buildConfigurations = (
				C980D8F6289ABE80000C2727 /* Debug */,
				C980D8F7289ABE80000C2727 /* Release */,
			);
			defaultConfigurationIsVisible = 0;
			defaultConfigurationName = Release;
		};
/* End XCConfigurationList section */
	};
	rootObject = C980D8D9289ABE7F000C2727 /* Project object */;
}
